
Microsoft Visual Studio Solution File, Format Version 12.00
# Visual Studio Version 17
VisualStudioVersion = 17.0.31903.59
MinimumVisualStudioVersion = 10.0.40219.1
Project("{2150E333-8FDC-42A3-9474-1A3956D46DE8}") = "src", "src", "{E120599B-41A3-493F-A1FE-1EB44BC33341}"
EndProject
Project("{FAE04EC0-301F-11D3-BF4B-00C04F79EFBC}") = "Vwm.Core", "src\Vwm.Core\Vwm.Core.csproj", "{10454D8B-E349-46B3-8E08-F30A35A21B3B}"
EndProject
Project("{2150E333-8FDC-42A3-9474-1A3956D46DE8}") = "tests", "tests", "{F5305C50-E67C-4816-AAE1-A08A4BBDF113}"
EndProject
Project("{FAE04EC0-301F-11D3-BF4B-00C04F79EFBC}") = "Vwm.Core.Tests", "tests\Vwm.Core.Tests\Vwm.Core.Tests.csproj", "{AA0B6D52-B06E-4A9D-96A1-11BF2ACD8470}"
EndProject
Project("{FAE04EC0-301F-11D3-BF4B-00C04F79EFBC}") = "Vwm.Cli", "src\Vwm.Cli\Vwm.Cli.csproj", "{D079D1A0-C204-4044-ADBE-64045A954939}"
EndProject
Project("{FAE04EC0-301F-11D3-BF4B-00C04F79EFBC}") = "Vwm.App", "src\Vwm.App\Vwm.App.csproj", "{941090DC-E74E-4DDD-8944-E8080FBD1B05}"
EndProject
Project("{FAE04EC0-301F-11D3-BF4B-00C04F79EFBC}") = "Vwm.Tts.Windows", "src\Vwm.Tts.Windows\Vwm.Tts.Windows.csproj", "{5A0C20CD-84ED-4B06-84FD-051FCE7B252B}"
EndProject
Global
	GlobalSection(SolutionConfigurationPlatforms) = preSolution
		Debug|Any CPU = Debug|Any CPU
		Release|Any CPU = Release|Any CPU
	EndGlobalSection
	GlobalSection(SolutionProperties) = preSolution
		HideSolutionNode = FALSE
	EndGlobalSection
	GlobalSection(ProjectConfigurationPlatforms) = postSolution
		{10454D8B-E349-46B3-8E08-F30A35A21B3B}.Debug|Any CPU.ActiveCfg = Debug|Any CPU
		{10454D8B-E349-46B3-8E08-F30A35A21B3B}.Debug|Any CPU.Build.0 = Debug|Any CPU
		{10454D8B-E349-46B3-8E08-F30A35A21B3B}.Release|Any CPU.ActiveCfg = Release|Any CPU
		{10454D8B-E349-46B3-8E08-F30A35A21B3B}.Release|Any CPU.Build.0 = Release|Any CPU
		{AA0B6D52-B06E-4A9D-96A1-11BF2ACD8470}.Debug|Any CPU.ActiveCfg = Debug|Any CPU
		{AA0B6D52-B06E-4A9D-96A1-11BF2ACD8470}.Debug|Any CPU.Build.0 = Debug|Any CPU
		{AA0B6D52-B06E-4A9D-96A1-11BF2ACD8470}.Release|Any CPU.ActiveCfg = Release|Any CPU
		{AA0B6D52-B06E-4A9D-96A1-11BF2ACD8470}.Release|Any CPU.Build.0 = Release|Any CPU
		{D079D1A0-C204-4044-ADBE-64045A954939}.Debug|Any CPU.ActiveCfg = Debug|Any CPU
		{D079D1A0-C204-4044-ADBE-64045A954939}.Debug|Any CPU.Build.0 = Debug|Any CPU
		{D079D1A0-C204-4044-ADBE-64045A954939}.Release|Any CPU.ActiveCfg = Release|Any CPU
		{D079D1A0-C204-4044-ADBE-64045A954939}.Release|Any CPU.Build.0 = Release|Any CPU
		{941090DC-E74E-4DDD-8944-E8080FBD1B05}.Debug|Any CPU.ActiveCfg = Debug|Any CPU
		{941090DC-E74E-4DDD-8944-E8080FBD1B05}.Debug|Any CPU.Build.0 = Debug|Any CPU
		{941090DC-E74E-4DDD-8944-E8080FBD1B05}.Release|Any CPU.ActiveCfg = Release|Any CPU
		{941090DC-E74E-4DDD-8944-E8080FBD1B05}.Release|Any CPU.Build.0 = Release|Any CPU
		{5A0C20CD-84ED-4B06-84FD-051FCE7B252B}.Debug|Any CPU.ActiveCfg = Debug|Any CPU
		{5A0C20CD-84ED-4B06-84FD-051FCE7B252B}.Debug|Any CPU.Build.0 = Debug|Any CPU
		{5A0C20CD-84ED-4B06-84FD-051FCE7B252B}.Release|Any CPU.ActiveCfg = Release|Any CPU
		{5A0C20CD-84ED-4B06-84FD-051FCE7B252B}.Release|Any CPU.Build.0 = Release|Any CPU
	EndGlobalSection
	GlobalSection(NestedProjects) = preSolution
		{10454D8B-E349-46B3-8E08-F30A35A21B3B} = {E120599B-41A3-493F-A1FE-1EB44BC33341}
		{AA0B6D52-B06E-4A9D-96A1-11BF2ACD8470} = {F5305C50-E67C-4816-AAE1-A08A4BBDF113}
		{D079D1A0-C204-4044-ADBE-64045A954939} = {E120599B-41A3-493F-A1FE-1EB44BC33341}
		{941090DC-E74E-4DDD-8944-E8080FBD1B05} = {E120599B-41A3-493F-A1FE-1EB44BC33341}
		{5A0C20CD-84ED-4B06-84FD-051FCE7B252B} = {E120599B-41A3-493F-A1FE-1EB44BC33341}
	EndGlobalSection
EndGlobal
